{
    "_readme": [
        "This file locks the dependencies of your project to a known state",
        "Read more about it at https://getcomposer.org/doc/01-basic-usage.md#installing-dependencies",
        "This file is @generated automatically"
    ],
    "content-hash": "9dfe388a7bbf6701e3d263b418e0a9d3",
    "packages": [],
    "packages-dev": [
        {
            "name": "symplify/easy-coding-standard",
            "version": "10.3.3",
            "source": {
                "type": "git",
                "url": "https://github.com/symplify/easy-coding-standard.git",
                "reference": "c93878b3c052321231519b6540e227380f90be17"
            },
            "dist": {
                "type": "zip",
                "url": "https://api.github.com/repos/symplify/easy-coding-standard/zipball/c93878b3c052321231519b6540e227380f90be17",
                "reference": "c93878b3c052321231519b6540e227380f90be17",
                "shasum": ""
            },
            "require": {
                "php": ">=7.2"
            },
            "conflict": {
                "friendsofphp/php-cs-fixer": "<3.0",
                "squizlabs/php_codesniffer": "<3.6"
            },
            "bin": [
                "bin/ecs"
            ],
            "type": "library",
            "extra": {
                "branch-alias": {
                    "dev-main": "10.3-dev"
                }
            },
            "autoload": {
                "files": [
                    "bootstrap.php"
                ]
            },
            "notification-url": "https://packagist.org/downloads/",
            "license": [
                "MIT"
            ],
            "description": "Prefixed scoped version of ECS package",
            "support": {
                "source": "https://github.com/symplify/easy-coding-standard/tree/10.3.3"
            },
            "funding": [
                {
                    "url": "https://www.paypal.me/rectorphp",
                    "type": "custom"
                },
                {
                    "url": "https://github.com/tomasvotruba",
                    "type": "github"
                }
            ],
            "time": "2022-06-13T14:03:37+00:00"
        }
    ],
    "aliases": [],
    "minimum-stability": "stable",
    "stability-flags": [],
    "prefer-stable": false,
    "prefer-lowest": false,
    "platform": {
        "ext-zip": "*",
        "ext-json": "*"
    },
    "platform-dev": [],
    "plugin-api-version": "2.3.0"
}
