{
    "_readme": [
        "This file locks the dependencies of your project to a known state",
        "Read more about it at https://getcomposer.org/doc/01-basic-usage.md#composer-lock-the-lock-file",
        "This file is @generated automatically"
    ],
    "content-hash": "1a98f19e2544a2dd0336be8cf8a6dae3",
    "packages": [
        {
            "name": "BenMenking/routeros-api",
            "version": "1.6.0",
            "source": {
                "type": "git",
                "url": "https://github.com/BenMenking/routeros-api.git",
                "reference": "a9ae96c711855b8f1677afa982898e536ff285e3"
            },
            "dist": {
                "type": "zip",
                "url": "https://api.github.com/repos/BenMenking/routeros-api/zipball/a9ae96c711855b8f1677afa982898e536ff285e3",
                "reference": "a9ae96c711855b8f1677afa982898e536ff285e3",
                "shasum": ""
            },
            "type": "library",
            "autoload": {
                "classmap": [
                    "routeros_api.class.php"
                ]
            },
            "authors": [
                {
                    "name": "Denis Basta",
                    "email": "Denis.Basta@gmail.com"
                },
                {
                    "name": "Nick Barnes"
                },
                {
                    "name": "Ben Menking",
                    "email": "ben@infotechsc.com"
                },
                {
                    "name": "Jeremy Jefferson",
                    "url": "http://jeremyj.com"
                },
                {
                    "name": "Cristian Deluxe",
                    "url": "djcristiandeluxe@gmail.com"
                },
                {
                    "name": "Mikhail Moskalev",
                    "url": "mmv.rus@gmail.com"
                }
            ],
            "description": "Client API for RouterOS/Mikrotik",
            "keywords": [
                "mikrotik",
                "routeros"
            ],
            "support": {
                "issues": "https://github.com/BenMenking/routeros-api/issues",
                "wiki": "http://wiki.mikrotik.com/wiki/API_PHP_class",
                "source": "https://github.com/BenMenking/routeros-api"
            },
            "time": "2016-10-18T03:15:20+00:00"
        },
        {
            "name": "container-interop/container-interop",
            "version": "1.2.0",
            "source": {
                "type": "git",
                "url": "https://github.com/container-interop/container-interop.git",
                "reference": "79cbf1341c22ec75643d841642dd5d6acd83bdb8"
            },
            "dist": {
                "type": "zip",
                "url": "https://api.github.com/repos/container-interop/container-interop/zipball/79cbf1341c22ec75643d841642dd5d6acd83bdb8",
                "reference": "79cbf1341c22ec75643d841642dd5d6acd83bdb8",
                "shasum": ""
            },
            "require": {
                "psr/container": "^1.0"
            },
            "type": "library",
            "autoload": {
                "psr-4": {
                    "Interop\\Container\\": "src/Interop/Container/"
                }
            },
            "notification-url": "https://packagist.org/downloads/",
            "license": [
                "MIT"
            ],
            "description": "Promoting the interoperability of container objects (DIC, SL, etc.)",
            "homepage": "https://github.com/container-interop/container-interop",
            "time": "2017-02-14T19:40:03+00:00"
        },
        {
            "name": "doctrine/cache",
            "version": "v1.7.1",
            "source": {
                "type": "git",
                "url": "https://github.com/doctrine/cache.git",
                "reference": "b3217d58609e9c8e661cd41357a54d926c4a2a1a"
            },
            "dist": {
                "type": "zip",
                "url": "https://api.github.com/repos/doctrine/cache/zipball/b3217d58609e9c8e661cd41357a54d926c4a2a1a",
                "reference": "b3217d58609e9c8e661cd41357a54d926c4a2a1a",
                "shasum": ""
            },
            "require": {
                "php": "~7.1"
            },
            "conflict": {
                "doctrine/common": ">2.2,<2.4"
            },
            "require-dev": {
                "alcaeus/mongo-php-adapter": "^1.1",
                "mongodb/mongodb": "^1.1",
                "phpunit/phpunit": "^5.7",
                "predis/predis": "~1.0"
            },
            "suggest": {
                "alcaeus/mongo-php-adapter": "Required to use legacy MongoDB driver"
            },
            "type": "library",
            "extra": {
                "branch-alias": {
                    "dev-master": "1.7.x-dev"
                }
            },
            "autoload": {
                "psr-4": {
                    "Doctrine\\Common\\Cache\\": "lib/Doctrine/Common/Cache"
                }
            },
            "notification-url": "https://packagist.org/downloads/",
            "license": [
                "MIT"
            ],
            "authors": [
                {
                    "name": "Roman Borschel",
                    "email": "roman@code-factory.org"
                },
                {
                    "name": "Benjamin Eberlei",
                    "email": "kontakt@beberlei.de"
                },
                {
                    "name": "Guilherme Blanco",
                    "email": "guilhermeblanco@gmail.com"
                },
                {
                    "name": "Jonathan Wage",
                    "email": "jonwage@gmail.com"
                },
                {
                    "name": "Johannes Schmitt",
                    "email": "schmittjoh@gmail.com"
                }
            ],
            "description": "Caching library offering an object-oriented API for many cache backends",
            "homepage": "http://www.doctrine-project.org",
            "keywords": [
                "cache",
                "caching"
            ],
            "time": "2017-08-25T07:02:50+00:00"
        },
        {
            "name": "katzgrau/klogger",
            "version": "1.2.1",
            "source": {
                "type": "git",
                "url": "https://github.com/katzgrau/KLogger.git",
                "reference": "a4ed373fa8a214aa4ae7aa4f221fe2c6ce862ef1"
            },
            "dist": {
                "type": "zip",
                "url": "https://api.github.com/repos/katzgrau/KLogger/zipball/a4ed373fa8a214aa4ae7aa4f221fe2c6ce862ef1",
                "reference": "a4ed373fa8a214aa4ae7aa4f221fe2c6ce862ef1",
                "shasum": ""
            },
            "require": {
                "php": ">=5.3",
                "psr/log": "^1.0.0"
            },
            "require-dev": {
                "phpunit/phpunit": "4.0.*"
            },
            "type": "library",
            "autoload": {
                "psr-4": {
                    "Katzgrau\\KLogger\\": "src/"
                },
                "classmap": [
                    "src/"
                ]
            },
            "notification-url": "https://packagist.org/downloads/",
            "license": [
                "MIT"
            ],
            "authors": [
                {
                    "name": "Kenny Katzgrau",
                    "email": "katzgrau@gmail.com"
                },
                {
                    "name": "Dan Horrigan",
                    "email": "dan@dhorrigan.com"
                }
            ],
            "description": "A Simple Logging Class",
            "keywords": [
                "logging"
            ],
            "time": "2016-11-07T19:29:14+00:00"
        },
        {
            "name": "php-di/invoker",
            "version": "1.3.3",
            "source": {
                "type": "git",
                "url": "https://github.com/PHP-DI/Invoker.git",
                "reference": "1f4ca63b9abc66109e53b255e465d0ddb5c2e3f7"
            },
            "dist": {
                "type": "zip",
                "url": "https://api.github.com/repos/PHP-DI/Invoker/zipball/1f4ca63b9abc66109e53b255e465d0ddb5c2e3f7",
                "reference": "1f4ca63b9abc66109e53b255e465d0ddb5c2e3f7",
                "shasum": ""
            },
            "require": {
                "container-interop/container-interop": "~1.1"
            },
            "require-dev": {
                "athletic/athletic": "~0.1.8",
                "phpunit/phpunit": "~4.5"
            },
            "type": "library",
            "autoload": {
                "psr-4": {
                    "Invoker\\": "src/"
                }
            },
            "notification-url": "https://packagist.org/downloads/",
            "license": [
                "MIT"
            ],
            "description": "Generic and extensible callable invoker",
            "homepage": "https://github.com/PHP-DI/Invoker",
            "keywords": [
                "callable",
                "dependency",
                "dependency-injection",
                "injection",
                "invoke",
                "invoker"
            ],
            "time": "2016-07-14T13:09:58+00:00"
        },
        {
            "name": "php-di/php-di",
            "version": "5.4.6",
            "source": {
                "type": "git",
                "url": "https://github.com/PHP-DI/PHP-DI.git",
                "reference": "3f9255659595f3e289f473778bb6c51aa72abbbd"
            },
            "dist": {
                "type": "zip",
                "url": "https://api.github.com/repos/PHP-DI/PHP-DI/zipball/3f9255659595f3e289f473778bb6c51aa72abbbd",
                "reference": "3f9255659595f3e289f473778bb6c51aa72abbbd",
                "shasum": ""
            },
            "require": {
                "container-interop/container-interop": "~1.2",
                "php": ">=5.5.0",
                "php-di/invoker": "^1.3.2",
                "php-di/phpdoc-reader": "^2.0.1",
                "psr/container": "~1.0"
            },
            "provide": {
                "container-interop/container-interop-implementation": "^1.0",
                "psr/container-implementation": "^1.0"
            },
            "replace": {
                "mnapoli/php-di": "*"
            },
            "require-dev": {
                "doctrine/annotations": "~1.2",
                "doctrine/cache": "~1.4",
                "mnapoli/phpunit-easymock": "~0.2.0",
                "ocramius/proxy-manager": "~1.0|~2.0",
                "phpbench/phpbench": "@dev",
                "phpunit/phpunit": "~4.5"
            },
            "suggest": {
                "doctrine/annotations": "Install it if you want to use annotations (version ~1.2)",
                "doctrine/cache": "Install it if you want to use the cache (version ~1.4)",
                "ocramius/proxy-manager": "Install it if you want to use lazy injection (version ~1.0 or ~2.0)"
            },
            "type": "library",
            "autoload": {
                "psr-4": {
                    "DI\\": "src/DI/"
                },
                "files": [
                    "src/DI/functions.php"
                ]
            },
            "notification-url": "https://packagist.org/downloads/",
            "license": [
                "MIT"
            ],
            "description": "The dependency injection container for humans",
            "homepage": "http://php-di.org/",
            "keywords": [
                "container",
                "dependency injection",
                "di"
            ],
            "time": "2017-12-03T08:20:27+00:00"
        },
        {
            "name": "php-di/phpdoc-reader",
            "version": "2.1.0",
            "source": {
                "type": "git",
                "url": "https://github.com/PHP-DI/PhpDocReader.git",
                "reference": "7d0de60b9341933c8afd172a6255cd7557601e0e"
            },
            "dist": {
                "type": "zip",
                "url": "https://api.github.com/repos/PHP-DI/PhpDocReader/zipball/7d0de60b9341933c8afd172a6255cd7557601e0e",
                "reference": "7d0de60b9341933c8afd172a6255cd7557601e0e",
                "shasum": ""
            },
            "require": {
                "php": ">=5.4.0"
            },
            "require-dev": {
                "phpunit/phpunit": "~4.6"
            },
            "type": "library",
            "autoload": {
                "psr-4": {
                    "PhpDocReader\\": "src/PhpDocReader"
                }
            },
            "notification-url": "https://packagist.org/downloads/",
            "license": [
                "MIT"
            ],
            "description": "PhpDocReader parses @var and @param values in PHP docblocks (supports namespaced class names with the same resolution rules as PHP)",
            "keywords": [
                "phpdoc",
                "reflection"
            ],
            "time": "2018-02-18T17:39:01+00:00"
        },
        {
            "name": "psr/container",
            "version": "1.0.0",
            "source": {
                "type": "git",
                "url": "https://github.com/php-fig/container.git",
                "reference": "b7ce3b176482dbbc1245ebf52b181af44c2cf55f"
            },
            "dist": {
                "type": "zip",
                "url": "https://api.github.com/repos/php-fig/container/zipball/b7ce3b176482dbbc1245ebf52b181af44c2cf55f",
                "reference": "b7ce3b176482dbbc1245ebf52b181af44c2cf55f",
                "shasum": ""
            },
            "require": {
                "php": ">=5.3.0"
            },
            "type": "library",
            "extra": {
                "branch-alias": {
                    "dev-master": "1.0.x-dev"
                }
            },
            "autoload": {
                "psr-4": {
                    "Psr\\Container\\": "src/"
                }
            },
            "notification-url": "https://packagist.org/downloads/",
            "license": [
                "MIT"
            ],
            "authors": [
                {
                    "name": "PHP-FIG",
                    "homepage": "http://www.php-fig.org/"
                }
            ],
            "description": "Common Container Interface (PHP FIG PSR-11)",
            "homepage": "https://github.com/php-fig/container",
            "keywords": [
                "PSR-11",
                "container",
                "container-interface",
                "container-interop",
                "psr"
            ],
            "time": "2017-02-14T16:28:37+00:00"
        },
        {
            "name": "psr/log",
            "version": "1.0.2",
            "source": {
                "type": "git",
                "url": "https://github.com/php-fig/log.git",
                "reference": "4ebe3a8bf773a19edfe0a84b6585ba3d401b724d"
            },
            "dist": {
                "type": "zip",
                "url": "https://api.github.com/repos/php-fig/log/zipball/4ebe3a8bf773a19edfe0a84b6585ba3d401b724d",
                "reference": "4ebe3a8bf773a19edfe0a84b6585ba3d401b724d",
                "shasum": ""
            },
            "require": {
                "php": ">=5.3.0"
            },
            "type": "library",
            "extra": {
                "branch-alias": {
                    "dev-master": "1.0.x-dev"
                }
            },
            "autoload": {
                "psr-4": {
                    "Psr\\Log\\": "Psr/Log/"
                }
            },
            "notification-url": "https://packagist.org/downloads/",
            "license": [
                "MIT"
            ],
            "authors": [
                {
                    "name": "PHP-FIG",
                    "homepage": "http://www.php-fig.org/"
                }
            ],
            "description": "Common interface for logging libraries",
            "homepage": "https://github.com/php-fig/log",
            "keywords": [
                "log",
                "psr",
                "psr-3"
            ],
            "time": "2016-10-10T12:19:37+00:00"
        }
    ],
    "packages-dev": [],
    "aliases": [],
    "minimum-stability": "stable",
    "stability-flags": [],
    "prefer-stable": false,
    "prefer-lowest": false,
    "platform": [],
    "platform-dev": []
}
